// !$*UTF8*$!
{
	archiveVersion = 1;
	classes = {
	};
	objectVersion = 50;
	objects = {

/* Begin PBXBuildFile section */
		340B22FA2363A43100433E6A /* AppDelegate.swift in Sources */ = {isa = PBXBuildFile; fileRef = 340B22F92363A43100433E6A /* AppDelegate.swift */; };
		340B22FC2363A43100433E6A /* SceneDelegate.swift in Sources */ = {isa = PBXBuildFile; fileRef = 340B22FB2363A43100433E6A /* SceneDelegate.swift */; };
		340B22FE2363A43100433E6A /* ViewController.swift in Sources */ = {isa = PBXBuildFile; fileRef = 340B22FD2363A43100433E6A /* ViewController.swift */; };
		340B23032363A43300433E6A /* Assets.xcassets in Resources */ = {isa = PBXBuildFile; fileRef = 340B23022363A43300433E6A /* Assets.xcassets */; };
		340B23062363A43300433E6A /* LaunchScreen.storyboard in Resources */ = {isa = PBXBuildFile; fileRef = 340B23042363A43300433E6A /* LaunchScreen.storyboard */; };
		340B23112363A43300433E6A /* HereYouARTests.swift in Sources */ = {isa = PBXBuildFile; fileRef = 340B23102363A43300433E6A /* HereYouARTests.swift */; };
		340B231C2363A55000433E6A /* RootVC.swift in Sources */ = {isa = PBXBuildFile; fileRef = 340B231B2363A55000433E6A /* RootVC.swift */; };
/* End PBXBuildFile section */

/* Begin PBXContainerItemProxy section */
		340B230D2363A43300433E6A /* PBXContainerItemProxy */ = {
			isa = PBXContainerItemProxy;
			containerPortal = 340B22EE2363A43100433E6A /* Project object */;
			proxyType = 1;
			remoteGlobalIDString = 340B22F52363A43100433E6A;
			remoteInfo = HereYouAR;
		};
/* End PBXContainerItemProxy section */

/* Begin PBXFileReference section */
		340B22F62363A43100433E6A /* HereYouAR.app */ = {isa = PBXFileReference; explicitFileType = wrapper.application; includeInIndex = 0; path = HereYouAR.app; sourceTree = BUILT_PRODUCTS_DIR; };
		340B22F92363A43100433E6A /* AppDelegate.swift */ = {isa = PBXFileReference; lastKnownFileType = sourcecode.swift; path = AppDelegate.swift; sourceTree = "<group>"; };
		340B22FB2363A43100433E6A /* SceneDelegate.swift */ = {isa = PBXFileReference; lastKnownFileType = sourcecode.swift; path = SceneDelegate.swift; sourceTree = "<group>"; };
		340B22FD2363A43100433E6A /* ViewController.swift */ = {isa = PBXFileReference; lastKnownFileType = sourcecode.swift; path = ViewController.swift; sourceTree = "<group>"; };
		340B23022363A43300433E6A /* Assets.xcassets */ = {isa = PBXFileReference; lastKnownFileType = folder.assetcatalog; path = Assets.xcassets; sourceTree = "<group>"; };
		340B23052363A43300433E6A /* Base */ = {isa = PBXFileReference; lastKnownFileType = file.storyboard; name = Base; path = Base.lproj/LaunchScreen.storyboard; sourceTree = "<group>"; };
		340B23072363A43300433E6A /* Info.plist */ = {isa = PBXFileReference; lastKnownFileType = text.plist.xml; path = Info.plist; sourceTree = "<group>"; };
		340B230C2363A43300433E6A /* HereYouARTests.xctest */ = {isa = PBXFileReference; explicitFileType = wrapper.cfbundle; includeInIndex = 0; path = HereYouARTests.xctest; sourceTree = BUILT_PRODUCTS_DIR; };
		340B23102363A43300433E6A /* HereYouARTests.swift */ = {isa = PBXFileReference; lastKnownFileType = sourcecode.swift; path = HereYouARTests.swift; sourceTree = "<group>"; };
		340B23122363A43300433E6A /* Info.plist */ = {isa = PBXFileReference; lastKnownFileType = text.plist.xml; path = Info.plist; sourceTree = "<group>"; };
		340B231B2363A55000433E6A /* RootVC.swift */ = {isa = PBXFileReference; lastKnownFileType = sourcecode.swift; path = RootVC.swift; sourceTree = "<group>"; };
/* End PBXFileReference section */

/* Begin PBXFrameworksBuildPhase section */
		340B22F32363A43100433E6A /* Frameworks */ = {
			isa = PBXFrameworksBuildPhase;
			buildActionMask = 2147483647;
			files = (
			);
			runOnlyForDeploymentPostprocessing = 0;
		};
		340B23092363A43300433E6A /* Frameworks */ = {
			isa = PBXFrameworksBuildPhase;
			buildActionMask = 2147483647;
			files = (
			);
			runOnlyForDeploymentPostprocessing = 0;
		};
/* End PBXFrameworksBuildPhase section */

/* Begin PBXGroup section */
		340B22ED2363A43100433E6A = {
			isa = PBXGroup;
			children = (
				340B22F82363A43100433E6A /* HereYouAR */,
				340B230F2363A43300433E6A /* HereYouARTests */,
				340B22F72363A43100433E6A /* Products */,
			);
			sourceTree = "<group>";
		};
		340B22F72363A43100433E6A /* Products */ = {
			isa = PBXGroup;
			children = (
				340B22F62363A43100433E6A /* HereYouAR.app */,
				340B230C2363A43300433E6A /* HereYouARTests.xctest */,
			);
			name = Products;
			sourceTree = "<group>";
		};
		340B22F82363A43100433E6A /* HereYouAR */ = {
			isa = PBXGroup;
			children = (
				340B22F92363A43100433E6A /* AppDelegate.swift */,
				340B231B2363A55000433E6A /* RootVC.swift */,
				340B22FB2363A43100433E6A /* SceneDelegate.swift */,
				340B22FD2363A43100433E6A /* ViewController.swift */,
				340B23022363A43300433E6A /* Assets.xcassets */,
				340B23042363A43300433E6A /* LaunchScreen.storyboard */,
				340B23072363A43300433E6A /* Info.plist */,
			);
			path = HereYouAR;
			sourceTree = "<group>";
		};
		340B230F2363A43300433E6A /* HereYouARTests */ = {
			isa = PBXGroup;
			children = (
				340B23102363A43300433E6A /* HereYouARTests.swift */,
				340B23122363A43300433E6A /* Info.plist */,
			);
			path = HereYouARTests;
			sourceTree = "<group>";
		};
/* End PBXGroup section */

/* Begin PBXNativeTarget section */
		340B22F52363A43100433E6A /* HereYouAR */ = {
			isa = PBXNativeTarget;
			buildConfigurationList = 340B23152363A43300433E6A /* Build configuration list for PBXNativeTarget "HereYouAR" */;
			buildPhases = (
				340B22F22363A43100433E6A /* Sources */,
				340B22F32363A43100433E6A /* Frameworks */,
				340B22F42363A43100433E6A /* Resources */,
			);
			buildRules = (
			);
			dependencies = (
			);
			name = HereYouAR;
			productName = HereYouAR;
			productReference = 340B22F62363A43100433E6A /* HereYouAR.app */;
			productType = "com.apple.product-type.application";
		};
		340B230B2363A43300433E6A /* HereYouARTests */ = {
			isa = PBXNativeTarget;
			buildConfigurationList = 340B23182363A43300433E6A /* Build configuration list for PBXNativeTarget "HereYouARTests" */;
			buildPhases = (
				340B23082363A43300433E6A /* Sources */,
				340B23092363A43300433E6A /* Frameworks */,
				340B230A2363A43300433E6A /* Resources */,
			);
			buildRules = (
			);
			dependencies = (
				340B230E2363A43300433E6A /* PBXTargetDependency */,
			);
			name = HereYouARTests;
			productName = HereYouARTests;
			productReference = 340B230C2363A43300433E6A /* HereYouARTests.xctest */;
			productType = "com.apple.product-type.bundle.unit-test";
		};
/* End PBXNativeTarget section */

/* Begin PBXProject section */
		340B22EE2363A43100433E6A /* Project object */ = {
			isa = PBXProject;
			attributes = {
				LastSwiftUpdateCheck = 1100;
				LastUpgradeCheck = 1100;
				ORGANIZATIONNAME = "texno-gipsy";
				TargetAttributes = {
					340B22F52363A43100433E6A = {
						CreatedOnToolsVersion = 11.0;
					};
					340B230B2363A43300433E6A = {
						CreatedOnToolsVersion = 11.0;
						TestTargetID = 340B22F52363A43100433E6A;
					};
				};
			};
			buildConfigurationList = 340B22F12363A43100433E6A /* Build configuration list for PBXProject "HereYouAR" */;
			compatibilityVersion = "Xcode 9.3";
			developmentRegion = en;
			hasScannedForEncodings = 0;
			knownRegions = (
				en,
				Base,
			);
			mainGroup = 340B22ED2363A43100433E6A;
			productRefGroup = 340B22F72363A43100433E6A /* Products */;
			projectDirPath = "";
			projectRoot = "";
			targets = (
				340B22F52363A43100433E6A /* HereYouAR */,
				340B230B2363A43300433E6A /* HereYouARTests */,
			);
		};
/* End PBXProject section */

/* Begin PBXResourcesBuildPhase section */
		340B22F42363A43100433E6A /* Resources */ = {
			isa = PBXResourcesBuildPhase;
			buildActionMask = 2147483647;
			files = (
				340B23062363A43300433E6A /* LaunchScreen.storyboard in Resources */,
				340B23032363A43300433E6A /* Assets.xcassets in Resources */,
			);
			runOnlyForDeploymentPostprocessing = 0;
		};
		340B230A2363A43300433E6A /* Resources */ = {
			isa = PBXResourcesBuildPhase;
			buildActionMask = 2147483647;
			files = (
			);
			runOnlyForDeploymentPostprocessing = 0;
		};
/* End PBXResourcesBuildPhase section */

/* Begin PBXSourcesBuildPhase section */
		340B22F22363A43100433E6A /* Sources */ = {
			isa = PBXSourcesBuildPhase;
			buildActionMask = 2147483647;
			files = (
				340B231C2363A55000433E6A /* RootVC.swift in Sources */,
				340B22FE2363A43100433E6A /* ViewController.swift in Sources */,
				340B22FA2363A43100433E6A /* AppDelegate.swift in Sources */,
				340B22FC2363A43100433E6A /* SceneDelegate.swift in Sources */,
			);
			runOnlyForDeploymentPostprocessing = 0;
		};
		340B23082363A43300433E6A /* Sources */ = {
			isa = PBXSourcesBuildPhase;
			buildActionMask = 2147483647;
			files = (
				340B23112363A43300433E6A /* HereYouARTests.swift in Sources */,
			);
			runOnlyForDeploymentPostprocessing = 0;
		};
/* End PBXSourcesBuildPhase section */

/* Begin PBXTargetDependency section */
		340B230E2363A43300433E6A /* PBXTargetDependency */ = {
			isa = PBXTargetDependency;
			target = 340B22F52363A43100433E6A /* HereYouAR */;
			targetProxy = 340B230D2363A43300433E6A /* PBXContainerItemProxy */;
		};
/* End PBXTargetDependency section */

/* Begin PBXVariantGroup section */
		340B23042363A43300433E6A /* LaunchScreen.storyboard */ = {
			isa = PBXVariantGroup;
			children = (
				340B23052363A43300433E6A /* Base */,
			);
			name = LaunchScreen.storyboard;
			sourceTree = "<group>";
		};
/* End PBXVariantGroup section */

/* Begin XCBuildConfiguration section */
		340B23132363A43300433E6A /* Debug */ = {
			isa = XCBuildConfiguration;
			buildSettings = {
				ALWAYS_SEARCH_USER_PATHS = NO;
				CLANG_ANALYZER_NONNULL = YES;
				CLANG_ANALYZER_NUMBER_OBJECT_CONVERSION = YES_AGGRESSIVE;
				CLANG_CXX_LANGUAGE_STANDARD = "gnu++14";
				CLANG_CXX_LIBRARY = "libc++";
				CLANG_ENABLE_MODULES = YES;
				CLANG_ENABLE_OBJC_ARC = YES;
				CLANG_ENABLE_OBJC_WEAK = YES;
				CLANG_WARN_BLOCK_CAPTURE_AUTORELEASING = YES;
				CLANG_WARN_BOOL_CONVERSION = YES;
				CLANG_WARN_COMMA = YES;
				CLANG_WARN_CONSTANT_CONVERSION = YES;
				CLANG_WARN_DEPRECATED_OBJC_IMPLEMENTATIONS = YES;
				CLANG_WARN_DIRECT_OBJC_ISA_USAGE = YES_ERROR;
				CLANG_WARN_DOCUMENTATION_COMMENTS = YES;
				CLANG_WARN_EMPTY_BODY = YES;
				CLANG_WARN_ENUM_CONVERSION = YES;
				CLANG_WARN_INFINITE_RECURSION = YES;
				CLANG_WARN_INT_CONVERSION = YES;
				CLANG_WARN_NON_LITERAL_NULL_CONVERSION = YES;
				CLANG_WARN_OBJC_IMPLICIT_RETAIN_SELF = YES;
				CLANG_WARN_OBJC_LITERAL_CONVERSION = YES;
				CLANG_WARN_OBJC_ROOT_CLASS = YES_ERROR;
				CLANG_WARN_RANGE_LOOP_ANALYSIS = YES;
				CLANG_WARN_STRICT_PROTOTYPES = YES;
				CLANG_WARN_SUSPICIOUS_MOVE = YES;
				CLANG_WARN_UNGUARDED_AVAILABILITY = YES_AGGRESSIVE;
				CLANG_WARN_UNREACHABLE_CODE = YES;
				CLANG_WARN__DUPLICATE_METHOD_MATCH = YES;
				COPY_PHASE_STRIP = NO;
				DEBUG_INFORMATION_FORMAT = dwarf;
				ENABLE_STRICT_OBJC_MSGSEND = YES;
				ENABLE_TESTABILITY = YES;
				GCC_C_LANGUAGE_STANDARD = gnu11;
				GCC_DYNAMIC_NO_PIC = NO;
				GCC_NO_COMMON_BLOCKS = YES;
				GCC_OPTIMIZATION_LEVEL = 0;
				GCC_PREPROCESSOR_DEFINITIONS = (
					"DEBUG=1",
					"$(inherited)",
				);
				GCC_WARN_64_TO_32_BIT_CONVERSION = YES;
				GCC_WARN_ABOUT_RETURN_TYPE = YES_ERROR;
				GCC_WARN_UNDECLARED_SELECTOR = YES;
				GCC_WARN_UNINITIALIZED_AUTOS = YES_AGGRESSIVE;
				GCC_WARN_UNUSED_FUNCTION = YES;
				GCC_WARN_UNUSED_VARIABLE = YES;
				IPHONEOS_DEPLOYMENT_TARGET = 13.0;
				MTL_ENABLE_DEBUG_INFO = INCLUDE_SOURCE;
				MTL_FAST_MATH = YES;
				ONLY_ACTIVE_ARCH = YES;
				SDKROOT = iphoneos;
				SWIFT_ACTIVE_COMPILATION_CONDITIONS = DEBUG;
				SWIFT_OPTIMIZATION_LEVEL = "-Onone";
			};
			name = Debug;
		};
		340B23142363A43300433E6A /* Release */ = {
			isa = XCBuildConfiguration;
			buildSettings = {
				ALWAYS_SEARCH_USER_PATHS = NO;
				CLANG_ANALYZER_NONNULL = YES;
				CLANG_ANALYZER_NUMBER_OBJECT_CONVERSION = YES_AGGRESSIVE;
				CLANG_CXX_LANGUAGE_STANDARD = "gnu++14";
				CLANG_CXX_LIBRARY = "libc++";
				CLANG_ENABLE_MODULES = YES;
				CLANG_ENABLE_OBJC_ARC = YES;
				CLANG_ENABLE_OBJC_WEAK = YES;
				CLANG_WARN_BLOCK_CAPTURE_AUTORELEASING = YES;
				CLANG_WARN_BOOL_CONVERSION = YES;
				CLANG_WARN_COMMA = YES;
				CLANG_WARN_CONSTANT_CONVERSION = YES;
				CLANG_WARN_DEPRECATED_OBJC_IMPLEMENTATIONS = YES;
				CLANG_WARN_DIRECT_OBJC_ISA_USAGE = YES_ERROR;
				CLANG_WARN_DOCUMENTATION_COMMENTS = YES;
				CLANG_WARN_EMPTY_BODY = YES;
				CLANG_WARN_ENUM_CONVERSION = YES;
				CLANG_WARN_INFINITE_RECURSION = YES;
				CLANG_WARN_INT_CONVERSION = YES;
				CLANG_WARN_NON_LITERAL_NULL_CONVERSION = YES;
				CLANG_WARN_OBJC_IMPLICIT_RETAIN_SELF = YES;
				CLANG_WARN_OBJC_LITERAL_CONVERSION = YES;
				CLANG_WARN_OBJC_ROOT_CLASS = YES_ERROR;
				CLANG_WARN_RANGE_LOOP_ANALYSIS = YES;
				CLANG_WARN_STRICT_PROTOTYPES = YES;
				CLANG_WARN_SUSPICIOUS_MOVE = YES;
				CLANG_WARN_UNGUARDED_AVAILABILITY = YES_AGGRESSIVE;
				CLANG_WARN_UNREACHABLE_CODE = YES;
				CLANG_WARN__DUPLICATE_METHOD_MATCH = YES;
				COPY_PHASE_STRIP = NO;
				DEBUG_INFORMATION_FORMAT = "dwarf-with-dsym";
				ENABLE_NS_ASSERTIONS = NO;
				ENABLE_STRICT_OBJC_MSGSEND = YES;
				GCC_C_LANGUAGE_STANDARD = gnu11;
				GCC_NO_COMMON_BLOCKS = YES;
				GCC_WARN_64_TO_32_BIT_CONVERSION = YES;
				GCC_WARN_ABOUT_RETURN_TYPE = YES_ERROR;
				GCC_WARN_UNDECLARED_SELECTOR = YES;
				GCC_WARN_UNINITIALIZED_AUTOS = YES_AGGRESSIVE;
				GCC_WARN_UNUSED_FUNCTION = YES;
				GCC_WARN_UNUSED_VARIABLE = YES;
				IPHONEOS_DEPLOYMENT_TARGET = 13.0;
				MTL_ENABLE_DEBUG_INFO = NO;
				MTL_FAST_MATH = YES;
				SDKROOT = iphoneos;
				SWIFT_COMPILATION_MODE = wholemodule;
				SWIFT_OPTIMIZATION_LEVEL = "-O";
				VALIDATE_PRODUCT = YES;
			};
			name = Release;
		};
		340B23162363A43300433E6A /* Debug */ = {
			isa = XCBuildConfiguration;
			buildSettings = {
				ASSETCATALOG_COMPILER_APPICON_NAME = AppIcon;
				CODE_SIGN_STYLE = Automatic;
				DEVELOPMENT_TEAM = 7L24699FZV;
				INFOPLIST_FILE = HereYouAR/Info.plist;
				LD_RUNPATH_SEARCH_PATHS = (
					"$(inherited)",
					"@executable_path/Frameworks",
				);
				PRODUCT_BUNDLE_IDENTIFIER = "texno-gipsy.HereYouAR";
				PRODUCT_NAME = "$(TARGET_NAME)";
				SWIFT_VERSION = 5.0;
				TARGETED_DEVICE_FAMILY = "1,2";
			};
			name = Debug;
		};
		340B23172363A43300433E6A /* Release */ = {
			isa = XCBuildConfiguration;
			buildSettings = {
				ASSETCATALOG_COMPILER_APPICON_NAME = AppIcon;
				CODE_SIGN_STYLE = Automatic;
				DEVELOPMENT_TEAM = 7L24699FZV;
				INFOPLIST_FILE = HereYouAR/Info.plist;
				LD_RUNPATH_SEARCH_PATHS = (
					"$(inherited)",
					"@executable_path/Frameworks",
				);
				PRODUCT_BUNDLE_IDENTIFIER = "texno-gipsy.HereYouAR";
				PRODUCT_NAME = "$(TARGET_NAME)";
				SWIFT_VERSION = 5.0;
				TARGETED_DEVICE_FAMILY = "1,2";
			};
			name = Release;
		};
		340B23192363A43300433E6A /* Debug */ = {
			isa = XCBuildConfiguration;
			buildSettings = {
				ALWAYS_EMBED_SWIFT_STANDARD_LIBRARIES = YES;
				BUNDLE_LOADER = "$(TEST_HOST)";
				CODE_SIGN_STYLE = Automatic;
				DEVELOPMENT_TEAM = 7L24699FZV;
				INFOPLIST_FILE = HereYouARTests/Info.plist;
				IPHONEOS_DEPLOYMENT_TARGET = 13.0;
				LD_RUNPATH_SEARCH_PATHS = (
					"$(inherited)",
					"@executable_path/Frameworks",
					"@loader_path/Frameworks",
				);
				PRODUCT_BUNDLE_IDENTIFIER = "texno-gipsy.HereYouARTests";
				PRODUCT_NAME = "$(TARGET_NAME)";
				SWIFT_VERSION = 5.0;
				TARGETED_DEVICE_FAMILY = "1,2";
				TEST_HOST = "$(BUILT_PRODUCTS_DIR)/HereYouAR.app/HereYouAR";
			};
			name = Debug;
		};
		340B231A2363A43300433E6A /* Release */ = {
			isa = XCBuildConfiguration;
			buildSettings = {
				ALWAYS_EMBED_SWIFT_STANDARD_LIBRARIES = YES;
				BUNDLE_LOADER = "$(TEST_HOST)";
				CODE_SIGN_STYLE = Automatic;
				DEVELOPMENT_TEAM = 7L24699FZV;
				INFOPLIST_FILE = HereYouARTests/Info.plist;
				IPHONEOS_DEPLOYMENT_TARGET = 13.0;
				LD_RUNPATH_SEARCH_PATHS = (
					"$(inherited)",
					"@executable_path/Frameworks",
					"@loader_path/Frameworks",
				);
				PRODUCT_BUNDLE_IDENTIFIER = "texno-gipsy.HereYouARTests";
				PRODUCT_NAME = "$(TARGET_NAME)";
				SWIFT_VERSION = 5.0;
				TARGETED_DEVICE_FAMILY = "1,2";
				TEST_HOST = "$(BUILT_PRODUCTS_DIR)/HereYouAR.app/HereYouAR";
			};
			name = Release;
		};
/* End XCBuildConfiguration section */

/* Begin XCConfigurationList section */
		340B22F12363A43100433E6A /* Build configuration list for PBXProject "HereYouAR" */ = {
			isa = XCConfigurationList;
			buildConfigurations = (
				340B23132363A43300433E6A /* Debug */,
				340B23142363A43300433E6A /* Release */,
			);
			defaultConfigurationIsVisible = 0;
			defaultConfigurationName = Release;
		};
		340B23152363A43300433E6A /* Build configuration list for PBXNativeTarget "HereYouAR" */ = {
			isa = XCConfigurationList;
			buildConfigurations = (
				340B23162363A43300433E6A /* Debug */,
				340B23172363A43300433E6A /* Release */,
			);
			defaultConfigurationIsVisible = 0;
			defaultConfigurationName = Release;
		};
		340B23182363A43300433E6A /* Build configuration list for PBXNativeTarget "HereYouARTests" */ = {
			isa = XCConfigurationList;
			buildConfigurations = (
				340B23192363A43300433E6A /* Debug */,
				340B231A2363A43300433E6A /* Release */,
			);
			defaultConfigurationIsVisible = 0;
			defaultConfigurationName = Release;
		};
/* End XCConfigurationList section */
	};
	rootObject = 340B22EE2363A43100433E6A /* Project object */;
}
