// !$*UTF8*$!
{
	archiveVersion = 1;
	classes = {
	};
	objectVersion = 51;
	objects = {

/* Begin PBXBuildFile section */
		12597A9D236508BC004FD4F0 /* GeoCentrationButton.swift in Sources */ = {isa = PBXBuildFile; fileRef = 12597A9C236508BB004FD4F0 /* GeoCentrationButton.swift */; };
		340B22FA2363A43100433E6A /* AppDelegate.swift in Sources */ = {isa = PBXBuildFile; fileRef = 340B22F92363A43100433E6A /* AppDelegate.swift */; };
		340B23032363A43300433E6A /* Assets.xcassets in Resources */ = {isa = PBXBuildFile; fileRef = 340B23022363A43300433E6A /* Assets.xcassets */; };
		340B23062363A43300433E6A /* LaunchScreen.storyboard in Resources */ = {isa = PBXBuildFile; fileRef = 340B23042363A43300433E6A /* LaunchScreen.storyboard */; };
		340B23112363A43300433E6A /* HereYouARTests.swift in Sources */ = {isa = PBXBuildFile; fileRef = 340B23102363A43300433E6A /* HereYouARTests.swift */; };
		340B231C2363A55000433E6A /* RootViewController.swift in Sources */ = {isa = PBXBuildFile; fileRef = 340B231B2363A55000433E6A /* RootViewController.swift */; };
		340B231E2363AE7000433E6A /* MainView.swift in Sources */ = {isa = PBXBuildFile; fileRef = 340B231D2363AE7000433E6A /* MainView.swift */; };
		340B23242363B16900433E6A /* EventCollectionModel.swift in Sources */ = {isa = PBXBuildFile; fileRef = 340B23232363B16900433E6A /* EventCollectionModel.swift */; };
		340B23262363B1DF00433E6A /* ApiParser.swift in Sources */ = {isa = PBXBuildFile; fileRef = 340B23252363B1DF00433E6A /* ApiParser.swift */; };
		340B232C2363B27E00433E6A /* AvatarCollectionModel.swift in Sources */ = {isa = PBXBuildFile; fileRef = 340B232B2363B27E00433E6A /* AvatarCollectionModel.swift */; };
		340B232E2363B4AA00433E6A /* AppComponents.swift in Sources */ = {isa = PBXBuildFile; fileRef = 340B232D2363B4AA00433E6A /* AppComponents.swift */; };
		340B23302363B4BC00433E6A /* CoreComponents.swift in Sources */ = {isa = PBXBuildFile; fileRef = 340B232F2363B4BC00433E6A /* CoreComponents.swift */; };
		340B23322363B4C900433E6A /* UIComponents.swift in Sources */ = {isa = PBXBuildFile; fileRef = 340B23312363B4C900433E6A /* UIComponents.swift */; };
		340B23342363B52900433E6A /* ProfileModel.swift in Sources */ = {isa = PBXBuildFile; fileRef = 340B23332363B52900433E6A /* ProfileModel.swift */; };
		340B23382363B5B600433E6A /* Entities.swift in Sources */ = {isa = PBXBuildFile; fileRef = 340B23372363B5B600433E6A /* Entities.swift */; };
		340B233A2363B8DD00433E6A /* Utils.Common.swift in Sources */ = {isa = PBXBuildFile; fileRef = 340B23392363B8DD00433E6A /* Utils.Common.swift */; };
		342246DA236481A6003177E1 /* UI.Extensions.swift in Sources */ = {isa = PBXBuildFile; fileRef = 342246D9236481A6003177E1 /* UI.Extensions.swift */; };
		342246DC2364820F003177E1 /* NewEventModel.swift in Sources */ = {isa = PBXBuildFile; fileRef = 342246DB2364820F003177E1 /* NewEventModel.swift */; };
		342246DE23648944003177E1 /* FetchTask.swift in Sources */ = {isa = PBXBuildFile; fileRef = 342246DD23648944003177E1 /* FetchTask.swift */; };
		342246E023649EB7003177E1 /* UserView.swift in Sources */ = {isa = PBXBuildFile; fileRef = 342246DF23649EB7003177E1 /* UserView.swift */; };
		342246E22364A215003177E1 /* UserViewCell.swift in Sources */ = {isa = PBXBuildFile; fileRef = 342246E12364A215003177E1 /* UserViewCell.swift */; };
		342246E52364A7E2003177E1 /* EventSender.swift in Sources */ = {isa = PBXBuildFile; fileRef = 342246E32364A7E2003177E1 /* EventSender.swift */; };
		342246E62364A7E2003177E1 /* UniqueTokenGenerator.swift in Sources */ = {isa = PBXBuildFile; fileRef = 342246E42364A7E2003177E1 /* UniqueTokenGenerator.swift */; };
		342246E82364C73F003177E1 /* MapView.swift in Sources */ = {isa = PBXBuildFile; fileRef = 342246E72364C73F003177E1 /* MapView.swift */; };
		342246EC2364CD20003177E1 /* ProfileView.swift in Sources */ = {isa = PBXBuildFile; fileRef = 342246EB2364CD20003177E1 /* ProfileView.swift */; };
		342246EE2364DE7E003177E1 /* TagCollectionModel.swift in Sources */ = {isa = PBXBuildFile; fileRef = 342246ED2364DE7E003177E1 /* TagCollectionModel.swift */; };
		342246F02364E188003177E1 /* TagListView.swift in Sources */ = {isa = PBXBuildFile; fileRef = 342246EF2364E188003177E1 /* TagListView.swift */; };
		342246F22364E4C3003177E1 /* Presenters.swift in Sources */ = {isa = PBXBuildFile; fileRef = 342246F12364E4C3003177E1 /* Presenters.swift */; };
		342246F42364E55E003177E1 /* UI.Dimmable.swift in Sources */ = {isa = PBXBuildFile; fileRef = 342246F32364E55E003177E1 /* UI.Dimmable.swift */; };
		342246F62364EB51003177E1 /* UIStyler.swift in Sources */ = {isa = PBXBuildFile; fileRef = 342246F52364EB51003177E1 /* UIStyler.swift */; };
		342B717E2363BCA700979F34 /* UserCollectionModel.swift in Sources */ = {isa = PBXBuildFile; fileRef = 342B717D2363BCA700979F34 /* UserCollectionModel.swift */; };
		342B71802363BE3300979F34 /* ApiClient.swift in Sources */ = {isa = PBXBuildFile; fileRef = 342B717F2363BE3200979F34 /* ApiClient.swift */; };
		34E98E5C2363CD41009096EB /* AppController.swift in Sources */ = {isa = PBXBuildFile; fileRef = 34E98E5B2363CD41009096EB /* AppController.swift */; };
		34E98E5E2363DF2D009096EB /* LoginView.swift in Sources */ = {isa = PBXBuildFile; fileRef = 34E98E5D2363DF2D009096EB /* LoginView.swift */; };
		34E98E602363E051009096EB /* UserCredentialCollectionModel.swift in Sources */ = {isa = PBXBuildFile; fileRef = 34E98E5F2363E051009096EB /* UserCredentialCollectionModel.swift */; };
		34E98E6223647BBD009096EB /* AddEventButton.swift in Sources */ = {isa = PBXBuildFile; fileRef = 34E98E6123647BBD009096EB /* AddEventButton.swift */; };
		506CB737F0B28F34D4F43409 /* libPods-HereYouAR.a in Frameworks */ = {isa = PBXBuildFile; fileRef = 35C85BA495138D486232AA9C /* libPods-HereYouAR.a */; };
		F4699EAC74D1D94E961377A3 /* libPods-HereYouARTests.a in Frameworks */ = {isa = PBXBuildFile; fileRef = EF7B61119AF829DF8C105B82 /* libPods-HereYouARTests.a */; };
/* End PBXBuildFile section */

/* Begin PBXContainerItemProxy section */
		340B230D2363A43300433E6A /* PBXContainerItemProxy */ = {
			isa = PBXContainerItemProxy;
			containerPortal = 340B22EE2363A43100433E6A /* Project object */;
			proxyType = 1;
			remoteGlobalIDString = 340B22F52363A43100433E6A;
			remoteInfo = HereYouAR;
		};
/* End PBXContainerItemProxy section */

/* Begin PBXFileReference section */
		12597A9C236508BB004FD4F0 /* GeoCentrationButton.swift */ = {isa = PBXFileReference; lastKnownFileType = sourcecode.swift; path = GeoCentrationButton.swift; sourceTree = "<group>"; };
		340B22F62363A43100433E6A /* HereYouAR.app */ = {isa = PBXFileReference; explicitFileType = wrapper.application; includeInIndex = 0; path = HereYouAR.app; sourceTree = BUILT_PRODUCTS_DIR; };
		340B22F92363A43100433E6A /* AppDelegate.swift */ = {isa = PBXFileReference; lastKnownFileType = sourcecode.swift; path = AppDelegate.swift; sourceTree = "<group>"; };
		340B23022363A43300433E6A /* Assets.xcassets */ = {isa = PBXFileReference; lastKnownFileType = folder.assetcatalog; path = Assets.xcassets; sourceTree = "<group>"; };
		340B23052363A43300433E6A /* Base */ = {isa = PBXFileReference; lastKnownFileType = file.storyboard; name = Base; path = Base.lproj/LaunchScreen.storyboard; sourceTree = "<group>"; };
		340B23072363A43300433E6A /* Info.plist */ = {isa = PBXFileReference; lastKnownFileType = text.plist.xml; path = Info.plist; sourceTree = "<group>"; };
		340B230C2363A43300433E6A /* HereYouARTests.xctest */ = {isa = PBXFileReference; explicitFileType = wrapper.cfbundle; includeInIndex = 0; path = HereYouARTests.xctest; sourceTree = BUILT_PRODUCTS_DIR; };
		340B23102363A43300433E6A /* HereYouARTests.swift */ = {isa = PBXFileReference; lastKnownFileType = sourcecode.swift; path = HereYouARTests.swift; sourceTree = "<group>"; };
		340B23122363A43300433E6A /* Info.plist */ = {isa = PBXFileReference; lastKnownFileType = text.plist.xml; path = Info.plist; sourceTree = "<group>"; };
		340B231B2363A55000433E6A /* RootViewController.swift */ = {isa = PBXFileReference; lastKnownFileType = sourcecode.swift; path = RootViewController.swift; sourceTree = "<group>"; };
		340B231D2363AE7000433E6A /* MainView.swift */ = {isa = PBXFileReference; lastKnownFileType = sourcecode.swift; path = MainView.swift; sourceTree = "<group>"; };
		340B23232363B16900433E6A /* EventCollectionModel.swift */ = {isa = PBXFileReference; lastKnownFileType = sourcecode.swift; path = EventCollectionModel.swift; sourceTree = "<group>"; };
		340B23252363B1DF00433E6A /* ApiParser.swift */ = {isa = PBXFileReference; lastKnownFileType = sourcecode.swift; path = ApiParser.swift; sourceTree = "<group>"; };
		340B232B2363B27E00433E6A /* AvatarCollectionModel.swift */ = {isa = PBXFileReference; lastKnownFileType = sourcecode.swift; path = AvatarCollectionModel.swift; sourceTree = "<group>"; };
		340B232D2363B4AA00433E6A /* AppComponents.swift */ = {isa = PBXFileReference; lastKnownFileType = sourcecode.swift; path = AppComponents.swift; sourceTree = "<group>"; };
		340B232F2363B4BC00433E6A /* CoreComponents.swift */ = {isa = PBXFileReference; lastKnownFileType = sourcecode.swift; path = CoreComponents.swift; sourceTree = "<group>"; };
		340B23312363B4C900433E6A /* UIComponents.swift */ = {isa = PBXFileReference; lastKnownFileType = sourcecode.swift; path = UIComponents.swift; sourceTree = "<group>"; };
		340B23332363B52900433E6A /* ProfileModel.swift */ = {isa = PBXFileReference; lastKnownFileType = sourcecode.swift; path = ProfileModel.swift; sourceTree = "<group>"; };
		340B23372363B5B600433E6A /* Entities.swift */ = {isa = PBXFileReference; lastKnownFileType = sourcecode.swift; path = Entities.swift; sourceTree = "<group>"; };
		340B23392363B8DD00433E6A /* Utils.Common.swift */ = {isa = PBXFileReference; lastKnownFileType = sourcecode.swift; path = Utils.Common.swift; sourceTree = "<group>"; };
		342246D9236481A6003177E1 /* UI.Extensions.swift */ = {isa = PBXFileReference; lastKnownFileType = sourcecode.swift; path = UI.Extensions.swift; sourceTree = "<group>"; };
		342246DB2364820F003177E1 /* NewEventModel.swift */ = {isa = PBXFileReference; lastKnownFileType = sourcecode.swift; path = NewEventModel.swift; sourceTree = "<group>"; };
		342246DD23648944003177E1 /* FetchTask.swift */ = {isa = PBXFileReference; lastKnownFileType = sourcecode.swift; path = FetchTask.swift; sourceTree = "<group>"; };
		342246DF23649EB7003177E1 /* UserView.swift */ = {isa = PBXFileReference; lastKnownFileType = sourcecode.swift; path = UserView.swift; sourceTree = "<group>"; };
		342246E12364A215003177E1 /* UserViewCell.swift */ = {isa = PBXFileReference; lastKnownFileType = sourcecode.swift; path = UserViewCell.swift; sourceTree = "<group>"; };
		342246E32364A7E2003177E1 /* EventSender.swift */ = {isa = PBXFileReference; fileEncoding = 4; lastKnownFileType = sourcecode.swift; path = EventSender.swift; sourceTree = "<group>"; };
		342246E42364A7E2003177E1 /* UniqueTokenGenerator.swift */ = {isa = PBXFileReference; fileEncoding = 4; lastKnownFileType = sourcecode.swift; path = UniqueTokenGenerator.swift; sourceTree = "<group>"; };
		342246E72364C73F003177E1 /* MapView.swift */ = {isa = PBXFileReference; lastKnownFileType = sourcecode.swift; path = MapView.swift; sourceTree = "<group>"; };
		342246EB2364CD20003177E1 /* ProfileView.swift */ = {isa = PBXFileReference; lastKnownFileType = sourcecode.swift; path = ProfileView.swift; sourceTree = "<group>"; };
		342246ED2364DE7E003177E1 /* TagCollectionModel.swift */ = {isa = PBXFileReference; lastKnownFileType = sourcecode.swift; path = TagCollectionModel.swift; sourceTree = "<group>"; };
		342246EF2364E188003177E1 /* TagListView.swift */ = {isa = PBXFileReference; lastKnownFileType = sourcecode.swift; path = TagListView.swift; sourceTree = "<group>"; };
		342246F12364E4C3003177E1 /* Presenters.swift */ = {isa = PBXFileReference; lastKnownFileType = sourcecode.swift; path = Presenters.swift; sourceTree = "<group>"; };
		342246F32364E55E003177E1 /* UI.Dimmable.swift */ = {isa = PBXFileReference; fileEncoding = 4; lastKnownFileType = sourcecode.swift; path = UI.Dimmable.swift; sourceTree = "<group>"; };
		342246F52364EB51003177E1 /* UIStyler.swift */ = {isa = PBXFileReference; lastKnownFileType = sourcecode.swift; path = UIStyler.swift; sourceTree = "<group>"; };
		342B717D2363BCA700979F34 /* UserCollectionModel.swift */ = {isa = PBXFileReference; lastKnownFileType = sourcecode.swift; path = UserCollectionModel.swift; sourceTree = "<group>"; };
		342B717F2363BE3200979F34 /* ApiClient.swift */ = {isa = PBXFileReference; lastKnownFileType = sourcecode.swift; path = ApiClient.swift; sourceTree = "<group>"; };
		34E98E5B2363CD41009096EB /* AppController.swift */ = {isa = PBXFileReference; lastKnownFileType = sourcecode.swift; path = AppController.swift; sourceTree = "<group>"; };
		34E98E5D2363DF2D009096EB /* LoginView.swift */ = {isa = PBXFileReference; lastKnownFileType = sourcecode.swift; path = LoginView.swift; sourceTree = "<group>"; };
		34E98E5F2363E051009096EB /* UserCredentialCollectionModel.swift */ = {isa = PBXFileReference; lastKnownFileType = sourcecode.swift; path = UserCredentialCollectionModel.swift; sourceTree = "<group>"; };
		34E98E6123647BBD009096EB /* AddEventButton.swift */ = {isa = PBXFileReference; lastKnownFileType = sourcecode.swift; path = AddEventButton.swift; sourceTree = "<group>"; };
		35C85BA495138D486232AA9C /* libPods-HereYouAR.a */ = {isa = PBXFileReference; explicitFileType = archive.ar; includeInIndex = 0; path = "libPods-HereYouAR.a"; sourceTree = BUILT_PRODUCTS_DIR; };
		995F57510D94EE613EDD42FB /* Pods-HereYouAR.release.xcconfig */ = {isa = PBXFileReference; includeInIndex = 1; lastKnownFileType = text.xcconfig; name = "Pods-HereYouAR.release.xcconfig"; path = "Target Support Files/Pods-HereYouAR/Pods-HereYouAR.release.xcconfig"; sourceTree = "<group>"; };
		B4A474193F3F7ACE811AF41E /* Pods-HereYouAR.debug.xcconfig */ = {isa = PBXFileReference; includeInIndex = 1; lastKnownFileType = text.xcconfig; name = "Pods-HereYouAR.debug.xcconfig"; path = "Target Support Files/Pods-HereYouAR/Pods-HereYouAR.debug.xcconfig"; sourceTree = "<group>"; };
		EF7B61119AF829DF8C105B82 /* libPods-HereYouARTests.a */ = {isa = PBXFileReference; explicitFileType = archive.ar; includeInIndex = 0; path = "libPods-HereYouARTests.a"; sourceTree = BUILT_PRODUCTS_DIR; };
		F5C313EF92B397B1979E8713 /* Pods-HereYouARTests.debug.xcconfig */ = {isa = PBXFileReference; includeInIndex = 1; lastKnownFileType = text.xcconfig; name = "Pods-HereYouARTests.debug.xcconfig"; path = "Target Support Files/Pods-HereYouARTests/Pods-HereYouARTests.debug.xcconfig"; sourceTree = "<group>"; };
		F85D5B2BF353108CA1B90391 /* Pods-HereYouARTests.release.xcconfig */ = {isa = PBXFileReference; includeInIndex = 1; lastKnownFileType = text.xcconfig; name = "Pods-HereYouARTests.release.xcconfig"; path = "Target Support Files/Pods-HereYouARTests/Pods-HereYouARTests.release.xcconfig"; sourceTree = "<group>"; };
/* End PBXFileReference section */

/* Begin PBXFrameworksBuildPhase section */
		340B22F32363A43100433E6A /* Frameworks */ = {
			isa = PBXFrameworksBuildPhase;
			buildActionMask = 2147483647;
			files = (
				506CB737F0B28F34D4F43409 /* libPods-HereYouAR.a in Frameworks */,
			);
			runOnlyForDeploymentPostprocessing = 0;
		};
		340B23092363A43300433E6A /* Frameworks */ = {
			isa = PBXFrameworksBuildPhase;
			buildActionMask = 2147483647;
			files = (
				F4699EAC74D1D94E961377A3 /* libPods-HereYouARTests.a in Frameworks */,
			);
			runOnlyForDeploymentPostprocessing = 0;
		};
/* End PBXFrameworksBuildPhase section */

/* Begin PBXGroup section */
		340B22ED2363A43100433E6A = {
			isa = PBXGroup;
			children = (
				340B22F82363A43100433E6A /* HereYouAR */,
				340B230F2363A43300433E6A /* HereYouARTests */,
				340B22F72363A43100433E6A /* Products */,
				F35021F99BC726C4CBEFEEDF /* Pods */,
				9EC9DB45D92387939DED140B /* Frameworks */,
			);
			sourceTree = "<group>";
		};
		340B22F72363A43100433E6A /* Products */ = {
			isa = PBXGroup;
			children = (
				340B22F62363A43100433E6A /* HereYouAR.app */,
				340B230C2363A43300433E6A /* HereYouARTests.xctest */,
			);
			name = Products;
			sourceTree = "<group>";
		};
		340B22F82363A43100433E6A /* HereYouAR */ = {
			isa = PBXGroup;
			children = (
				340B22F92363A43100433E6A /* AppDelegate.swift */,
				340B231B2363A55000433E6A /* RootViewController.swift */,
				342246E92364C981003177E1 /* Utils */,
				342B71812363C26B00979F34 /* Components */,
				342246EA2364C9C2003177E1 /* UI */,
				340B233B2363BAF800433E6A /* Core */,
				340B23022363A43300433E6A /* Assets.xcassets */,
				340B23042363A43300433E6A /* LaunchScreen.storyboard */,
				340B23072363A43300433E6A /* Info.plist */,
			);
			path = HereYouAR;
			sourceTree = "<group>";
		};
		340B230F2363A43300433E6A /* HereYouARTests */ = {
			isa = PBXGroup;
			children = (
				340B23102363A43300433E6A /* HereYouARTests.swift */,
				340B23122363A43300433E6A /* Info.plist */,
			);
			path = HereYouARTests;
			sourceTree = "<group>";
		};
		340B23362363B59A00433E6A /* Models */ = {
			isa = PBXGroup;
			children = (
				340B23332363B52900433E6A /* ProfileModel.swift */,
				340B23232363B16900433E6A /* EventCollectionModel.swift */,
				342246ED2364DE7E003177E1 /* TagCollectionModel.swift */,
				342246EF2364E188003177E1 /* TagListView.swift */,
				342246DB2364820F003177E1 /* NewEventModel.swift */,
				342B717D2363BCA700979F34 /* UserCollectionModel.swift */,
				340B232B2363B27E00433E6A /* AvatarCollectionModel.swift */,
				34E98E5F2363E051009096EB /* UserCredentialCollectionModel.swift */,
			);
			name = Models;
			sourceTree = "<group>";
		};
		340B233B2363BAF800433E6A /* Core */ = {
			isa = PBXGroup;
			children = (
				340B23252363B1DF00433E6A /* ApiParser.swift */,
				342B717F2363BE3200979F34 /* ApiClient.swift */,
				342246DD23648944003177E1 /* FetchTask.swift */,
				340B23372363B5B600433E6A /* Entities.swift */,
				340B23362363B59A00433E6A /* Models */,
			);
			name = Core;
			sourceTree = "<group>";
		};
		342246E92364C981003177E1 /* Utils */ = {
			isa = PBXGroup;
			children = (
				342246E32364A7E2003177E1 /* EventSender.swift */,
				342246E42364A7E2003177E1 /* UniqueTokenGenerator.swift */,
				340B23392363B8DD00433E6A /* Utils.Common.swift */,
				342246F12364E4C3003177E1 /* Presenters.swift */,
				342246F52364EB51003177E1 /* UIStyler.swift */,
				342246F32364E55E003177E1 /* UI.Dimmable.swift */,
			);
			name = Utils;
			sourceTree = "<group>";
		};
		342246EA2364C9C2003177E1 /* UI */ = {
			isa = PBXGroup;
			children = (
				342246D9236481A6003177E1 /* UI.Extensions.swift */,
				340B231D2363AE7000433E6A /* MainView.swift */,
				342246E72364C73F003177E1 /* MapView.swift */,
				342246EB2364CD20003177E1 /* ProfileView.swift */,
				34E98E5D2363DF2D009096EB /* LoginView.swift */,
				342246DF23649EB7003177E1 /* UserView.swift */,
				342246E12364A215003177E1 /* UserViewCell.swift */,
				34E98E6123647BBD009096EB /* AddEventButton.swift */,
				12597A9C236508BB004FD4F0 /* GeoCentrationButton.swift */,
			);
			name = UI;
			sourceTree = "<group>";
		};
		342B71812363C26B00979F34 /* Components */ = {
			isa = PBXGroup;
			children = (
				340B232D2363B4AA00433E6A /* AppComponents.swift */,
				34E98E5B2363CD41009096EB /* AppController.swift */,
				340B232F2363B4BC00433E6A /* CoreComponents.swift */,
				340B23312363B4C900433E6A /* UIComponents.swift */,
			);
			name = Components;
			sourceTree = "<group>";
		};
		9EC9DB45D92387939DED140B /* Frameworks */ = {
			isa = PBXGroup;
			children = (
				35C85BA495138D486232AA9C /* libPods-HereYouAR.a */,
				EF7B61119AF829DF8C105B82 /* libPods-HereYouARTests.a */,
			);
			name = Frameworks;
			sourceTree = "<group>";
		};
		F35021F99BC726C4CBEFEEDF /* Pods */ = {
			isa = PBXGroup;
			children = (
				B4A474193F3F7ACE811AF41E /* Pods-HereYouAR.debug.xcconfig */,
				995F57510D94EE613EDD42FB /* Pods-HereYouAR.release.xcconfig */,
				F5C313EF92B397B1979E8713 /* Pods-HereYouARTests.debug.xcconfig */,
				F85D5B2BF353108CA1B90391 /* Pods-HereYouARTests.release.xcconfig */,
			);
			path = Pods;
			sourceTree = "<group>";
		};
/* End PBXGroup section */

/* Begin PBXNativeTarget section */
		340B22F52363A43100433E6A /* HereYouAR */ = {
			isa = PBXNativeTarget;
			buildConfigurationList = 340B23152363A43300433E6A /* Build configuration list for PBXNativeTarget "HereYouAR" */;
			buildPhases = (
				4FCFDD66B0A16E93B4461A50 /* [CP] Check Pods Manifest.lock */,
				340B22F22363A43100433E6A /* Sources */,
				340B22F32363A43100433E6A /* Frameworks */,
				340B22F42363A43100433E6A /* Resources */,
				B0D8E958950D24816A6F4A5E /* [CP] Embed Pods Frameworks */,
			);
			buildRules = (
			);
			dependencies = (
			);
			name = HereYouAR;
			productName = HereYouAR;
			productReference = 340B22F62363A43100433E6A /* HereYouAR.app */;
			productType = "com.apple.product-type.application";
		};
		340B230B2363A43300433E6A /* HereYouARTests */ = {
			isa = PBXNativeTarget;
			buildConfigurationList = 340B23182363A43300433E6A /* Build configuration list for PBXNativeTarget "HereYouARTests" */;
			buildPhases = (
				3F69A341FD014389AC6CFC74 /* [CP] Check Pods Manifest.lock */,
				340B23082363A43300433E6A /* Sources */,
				340B23092363A43300433E6A /* Frameworks */,
				340B230A2363A43300433E6A /* Resources */,
			);
			buildRules = (
			);
			dependencies = (
				340B230E2363A43300433E6A /* PBXTargetDependency */,
			);
			name = HereYouARTests;
			productName = HereYouARTests;
			productReference = 340B230C2363A43300433E6A /* HereYouARTests.xctest */;
			productType = "com.apple.product-type.bundle.unit-test";
		};
/* End PBXNativeTarget section */

/* Begin PBXProject section */
		340B22EE2363A43100433E6A /* Project object */ = {
			isa = PBXProject;
			attributes = {
				LastSwiftUpdateCheck = 1100;
				LastUpgradeCheck = 1100;
				ORGANIZATIONNAME = "texno-gipsy";
				TargetAttributes = {
					340B22F52363A43100433E6A = {
						CreatedOnToolsVersion = 11.0;
					};
					340B230B2363A43300433E6A = {
						CreatedOnToolsVersion = 11.0;
						TestTargetID = 340B22F52363A43100433E6A;
					};
				};
			};
			buildConfigurationList = 340B22F12363A43100433E6A /* Build configuration list for PBXProject "HereYouAR" */;
			compatibilityVersion = "Xcode 9.3";
			developmentRegion = en;
			hasScannedForEncodings = 0;
			knownRegions = (
				en,
				Base,
			);
			mainGroup = 340B22ED2363A43100433E6A;
			productRefGroup = 340B22F72363A43100433E6A /* Products */;
			projectDirPath = "";
			projectRoot = "";
			targets = (
				340B22F52363A43100433E6A /* HereYouAR */,
				340B230B2363A43300433E6A /* HereYouARTests */,
			);
		};
/* End PBXProject section */

/* Begin PBXResourcesBuildPhase section */
		340B22F42363A43100433E6A /* Resources */ = {
			isa = PBXResourcesBuildPhase;
			buildActionMask = 2147483647;
			files = (
				340B23062363A43300433E6A /* LaunchScreen.storyboard in Resources */,
				340B23032363A43300433E6A /* Assets.xcassets in Resources */,
			);
			runOnlyForDeploymentPostprocessing = 0;
		};
		340B230A2363A43300433E6A /* Resources */ = {
			isa = PBXResourcesBuildPhase;
			buildActionMask = 2147483647;
			files = (
			);
			runOnlyForDeploymentPostprocessing = 0;
		};
/* End PBXResourcesBuildPhase section */

/* Begin PBXShellScriptBuildPhase section */
		3F69A341FD014389AC6CFC74 /* [CP] Check Pods Manifest.lock */ = {
			isa = PBXShellScriptBuildPhase;
			buildActionMask = 2147483647;
			files = (
			);
			inputFileListPaths = (
			);
			inputPaths = (
				"${PODS_PODFILE_DIR_PATH}/Podfile.lock",
				"${PODS_ROOT}/Manifest.lock",
			);
			name = "[CP] Check Pods Manifest.lock";
			outputFileListPaths = (
			);
			outputPaths = (
				"$(DERIVED_FILE_DIR)/Pods-HereYouARTests-checkManifestLockResult.txt",
			);
			runOnlyForDeploymentPostprocessing = 0;
			shellPath = /bin/sh;
			shellScript = "diff \"${PODS_PODFILE_DIR_PATH}/Podfile.lock\" \"${PODS_ROOT}/Manifest.lock\" > /dev/null\nif [ $? != 0 ] ; then\n    # print error to STDERR\n    echo \"error: The sandbox is not in sync with the Podfile.lock. Run 'pod install' or update your CocoaPods installation.\" >&2\n    exit 1\nfi\n# This output is used by Xcode 'outputs' to avoid re-running this script phase.\necho \"SUCCESS\" > \"${SCRIPT_OUTPUT_FILE_0}\"\n";
			showEnvVarsInLog = 0;
		};
		4FCFDD66B0A16E93B4461A50 /* [CP] Check Pods Manifest.lock */ = {
			isa = PBXShellScriptBuildPhase;
			buildActionMask = 2147483647;
			files = (
			);
			inputFileListPaths = (
			);
			inputPaths = (
				"${PODS_PODFILE_DIR_PATH}/Podfile.lock",
				"${PODS_ROOT}/Manifest.lock",
			);
			name = "[CP] Check Pods Manifest.lock";
			outputFileListPaths = (
			);
			outputPaths = (
				"$(DERIVED_FILE_DIR)/Pods-HereYouAR-checkManifestLockResult.txt",
			);
			runOnlyForDeploymentPostprocessing = 0;
			shellPath = /bin/sh;
			shellScript = "diff \"${PODS_PODFILE_DIR_PATH}/Podfile.lock\" \"${PODS_ROOT}/Manifest.lock\" > /dev/null\nif [ $? != 0 ] ; then\n    # print error to STDERR\n    echo \"error: The sandbox is not in sync with the Podfile.lock. Run 'pod install' or update your CocoaPods installation.\" >&2\n    exit 1\nfi\n# This output is used by Xcode 'outputs' to avoid re-running this script phase.\necho \"SUCCESS\" > \"${SCRIPT_OUTPUT_FILE_0}\"\n";
			showEnvVarsInLog = 0;
		};
		B0D8E958950D24816A6F4A5E /* [CP] Embed Pods Frameworks */ = {
			isa = PBXShellScriptBuildPhase;
			buildActionMask = 2147483647;
			files = (
			);
			inputFileListPaths = (
				"${PODS_ROOT}/Target Support Files/Pods-HereYouAR/Pods-HereYouAR-frameworks-${CONFIGURATION}-input-files.xcfilelist",
			);
			name = "[CP] Embed Pods Frameworks";
			outputFileListPaths = (
				"${PODS_ROOT}/Target Support Files/Pods-HereYouAR/Pods-HereYouAR-frameworks-${CONFIGURATION}-output-files.xcfilelist",
			);
			runOnlyForDeploymentPostprocessing = 0;
			shellPath = /bin/sh;
			shellScript = "\"${PODS_ROOT}/Target Support Files/Pods-HereYouAR/Pods-HereYouAR-frameworks.sh\"\n";
			showEnvVarsInLog = 0;
		};
/* End PBXShellScriptBuildPhase section */

/* Begin PBXSourcesBuildPhase section */
		340B22F22363A43100433E6A /* Sources */ = {
			isa = PBXSourcesBuildPhase;
			buildActionMask = 2147483647;
			files = (
				340B23342363B52900433E6A /* ProfileModel.swift in Sources */,
				342246EC2364CD20003177E1 /* ProfileView.swift in Sources */,
				340B23262363B1DF00433E6A /* ApiParser.swift in Sources */,
				34E98E602363E051009096EB /* UserCredentialCollectionModel.swift in Sources */,
				342246E023649EB7003177E1 /* UserView.swift in Sources */,
				34E98E5C2363CD41009096EB /* AppController.swift in Sources */,
				342246E52364A7E2003177E1 /* EventSender.swift in Sources */,
				342246E82364C73F003177E1 /* MapView.swift in Sources */,
				342246EE2364DE7E003177E1 /* TagCollectionModel.swift in Sources */,
				342B71802363BE3300979F34 /* ApiClient.swift in Sources */,
				342246F62364EB51003177E1 /* UIStyler.swift in Sources */,
				340B231C2363A55000433E6A /* RootViewController.swift in Sources */,
				342246DC2364820F003177E1 /* NewEventModel.swift in Sources */,
				340B23242363B16900433E6A /* EventCollectionModel.swift in Sources */,
				342246DE23648944003177E1 /* FetchTask.swift in Sources */,
				340B23322363B4C900433E6A /* UIComponents.swift in Sources */,
				342246F42364E55E003177E1 /* UI.Dimmable.swift in Sources */,
				342246F22364E4C3003177E1 /* Presenters.swift in Sources */,
				340B232E2363B4AA00433E6A /* AppComponents.swift in Sources */,
				340B23302363B4BC00433E6A /* CoreComponents.swift in Sources */,
				34E98E5E2363DF2D009096EB /* LoginView.swift in Sources */,
				342246E62364A7E2003177E1 /* UniqueTokenGenerator.swift in Sources */,
				342246E22364A215003177E1 /* UserViewCell.swift in Sources */,
				342246F02364E188003177E1 /* TagListView.swift in Sources */,
				12597A9D236508BC004FD4F0 /* GeoCentrationButton.swift in Sources */,
				340B233A2363B8DD00433E6A /* Utils.Common.swift in Sources */,
				340B22FA2363A43100433E6A /* AppDelegate.swift in Sources */,
				34E98E6223647BBD009096EB /* AddEventButton.swift in Sources */,
				342246DA236481A6003177E1 /* UI.Extensions.swift in Sources */,
				342B717E2363BCA700979F34 /* UserCollectionModel.swift in Sources */,
				340B232C2363B27E00433E6A /* AvatarCollectionModel.swift in Sources */,
				340B23382363B5B600433E6A /* Entities.swift in Sources */,
				340B231E2363AE7000433E6A /* MainView.swift in Sources */,
			);
			runOnlyForDeploymentPostprocessing = 0;
		};
		340B23082363A43300433E6A /* Sources */ = {
			isa = PBXSourcesBuildPhase;
			buildActionMask = 2147483647;
			files = (
				340B23112363A43300433E6A /* HereYouARTests.swift in Sources */,
			);
			runOnlyForDeploymentPostprocessing = 0;
		};
/* End PBXSourcesBuildPhase section */

/* Begin PBXTargetDependency section */
		340B230E2363A43300433E6A /* PBXTargetDependency */ = {
			isa = PBXTargetDependency;
			target = 340B22F52363A43100433E6A /* HereYouAR */;
			targetProxy = 340B230D2363A43300433E6A /* PBXContainerItemProxy */;
		};
/* End PBXTargetDependency section */

/* Begin PBXVariantGroup section */
		340B23042363A43300433E6A /* LaunchScreen.storyboard */ = {
			isa = PBXVariantGroup;
			children = (
				340B23052363A43300433E6A /* Base */,
			);
			name = LaunchScreen.storyboard;
			sourceTree = "<group>";
		};
/* End PBXVariantGroup section */

/* Begin XCBuildConfiguration section */
		340B23132363A43300433E6A /* Debug */ = {
			isa = XCBuildConfiguration;
			buildSettings = {
				ALWAYS_SEARCH_USER_PATHS = NO;
				CLANG_ANALYZER_NONNULL = YES;
				CLANG_ANALYZER_NUMBER_OBJECT_CONVERSION = YES_AGGRESSIVE;
				CLANG_CXX_LANGUAGE_STANDARD = "gnu++14";
				CLANG_CXX_LIBRARY = "libc++";
				CLANG_ENABLE_MODULES = YES;
				CLANG_ENABLE_OBJC_ARC = YES;
				CLANG_ENABLE_OBJC_WEAK = YES;
				CLANG_WARN_BLOCK_CAPTURE_AUTORELEASING = YES;
				CLANG_WARN_BOOL_CONVERSION = YES;
				CLANG_WARN_COMMA = YES;
				CLANG_WARN_CONSTANT_CONVERSION = YES;
				CLANG_WARN_DEPRECATED_OBJC_IMPLEMENTATIONS = YES;
				CLANG_WARN_DIRECT_OBJC_ISA_USAGE = YES_ERROR;
				CLANG_WARN_DOCUMENTATION_COMMENTS = YES;
				CLANG_WARN_EMPTY_BODY = YES;
				CLANG_WARN_ENUM_CONVERSION = YES;
				CLANG_WARN_INFINITE_RECURSION = YES;
				CLANG_WARN_INT_CONVERSION = YES;
				CLANG_WARN_NON_LITERAL_NULL_CONVERSION = YES;
				CLANG_WARN_OBJC_IMPLICIT_RETAIN_SELF = YES;
				CLANG_WARN_OBJC_LITERAL_CONVERSION = YES;
				CLANG_WARN_OBJC_ROOT_CLASS = YES_ERROR;
				CLANG_WARN_RANGE_LOOP_ANALYSIS = YES;
				CLANG_WARN_STRICT_PROTOTYPES = YES;
				CLANG_WARN_SUSPICIOUS_MOVE = YES;
				CLANG_WARN_UNGUARDED_AVAILABILITY = YES_AGGRESSIVE;
				CLANG_WARN_UNREACHABLE_CODE = YES;
				CLANG_WARN__DUPLICATE_METHOD_MATCH = YES;
				COPY_PHASE_STRIP = NO;
				DEBUG_INFORMATION_FORMAT = dwarf;
				ENABLE_STRICT_OBJC_MSGSEND = YES;
				ENABLE_TESTABILITY = YES;
				GCC_C_LANGUAGE_STANDARD = gnu11;
				GCC_DYNAMIC_NO_PIC = NO;
				GCC_NO_COMMON_BLOCKS = YES;
				GCC_OPTIMIZATION_LEVEL = 0;
				GCC_PREPROCESSOR_DEFINITIONS = (
					"DEBUG=1",
					"$(inherited)",
				);
				GCC_WARN_64_TO_32_BIT_CONVERSION = YES;
				GCC_WARN_ABOUT_RETURN_TYPE = YES_ERROR;
				GCC_WARN_UNDECLARED_SELECTOR = YES;
				GCC_WARN_UNINITIALIZED_AUTOS = YES_AGGRESSIVE;
				GCC_WARN_UNUSED_FUNCTION = YES;
				GCC_WARN_UNUSED_VARIABLE = YES;
				IPHONEOS_DEPLOYMENT_TARGET = 13.0;
				MTL_ENABLE_DEBUG_INFO = INCLUDE_SOURCE;
				MTL_FAST_MATH = YES;
				ONLY_ACTIVE_ARCH = YES;
				SDKROOT = iphoneos;
				SWIFT_ACTIVE_COMPILATION_CONDITIONS = DEBUG;
				SWIFT_OPTIMIZATION_LEVEL = "-Onone";
			};
			name = Debug;
		};
		340B23142363A43300433E6A /* Release */ = {
			isa = XCBuildConfiguration;
			buildSettings = {
				ALWAYS_SEARCH_USER_PATHS = NO;
				CLANG_ANALYZER_NONNULL = YES;
				CLANG_ANALYZER_NUMBER_OBJECT_CONVERSION = YES_AGGRESSIVE;
				CLANG_CXX_LANGUAGE_STANDARD = "gnu++14";
				CLANG_CXX_LIBRARY = "libc++";
				CLANG_ENABLE_MODULES = YES;
				CLANG_ENABLE_OBJC_ARC = YES;
				CLANG_ENABLE_OBJC_WEAK = YES;
				CLANG_WARN_BLOCK_CAPTURE_AUTORELEASING = YES;
				CLANG_WARN_BOOL_CONVERSION = YES;
				CLANG_WARN_COMMA = YES;
				CLANG_WARN_CONSTANT_CONVERSION = YES;
				CLANG_WARN_DEPRECATED_OBJC_IMPLEMENTATIONS = YES;
				CLANG_WARN_DIRECT_OBJC_ISA_USAGE = YES_ERROR;
				CLANG_WARN_DOCUMENTATION_COMMENTS = YES;
				CLANG_WARN_EMPTY_BODY = YES;
				CLANG_WARN_ENUM_CONVERSION = YES;
				CLANG_WARN_INFINITE_RECURSION = YES;
				CLANG_WARN_INT_CONVERSION = YES;
				CLANG_WARN_NON_LITERAL_NULL_CONVERSION = YES;
				CLANG_WARN_OBJC_IMPLICIT_RETAIN_SELF = YES;
				CLANG_WARN_OBJC_LITERAL_CONVERSION = YES;
				CLANG_WARN_OBJC_ROOT_CLASS = YES_ERROR;
				CLANG_WARN_RANGE_LOOP_ANALYSIS = YES;
				CLANG_WARN_STRICT_PROTOTYPES = YES;
				CLANG_WARN_SUSPICIOUS_MOVE = YES;
				CLANG_WARN_UNGUARDED_AVAILABILITY = YES_AGGRESSIVE;
				CLANG_WARN_UNREACHABLE_CODE = YES;
				CLANG_WARN__DUPLICATE_METHOD_MATCH = YES;
				COPY_PHASE_STRIP = NO;
				DEBUG_INFORMATION_FORMAT = "dwarf-with-dsym";
				ENABLE_NS_ASSERTIONS = NO;
				ENABLE_STRICT_OBJC_MSGSEND = YES;
				GCC_C_LANGUAGE_STANDARD = gnu11;
				GCC_NO_COMMON_BLOCKS = YES;
				GCC_WARN_64_TO_32_BIT_CONVERSION = YES;
				GCC_WARN_ABOUT_RETURN_TYPE = YES_ERROR;
				GCC_WARN_UNDECLARED_SELECTOR = YES;
				GCC_WARN_UNINITIALIZED_AUTOS = YES_AGGRESSIVE;
				GCC_WARN_UNUSED_FUNCTION = YES;
				GCC_WARN_UNUSED_VARIABLE = YES;
				IPHONEOS_DEPLOYMENT_TARGET = 13.0;
				MTL_ENABLE_DEBUG_INFO = NO;
				MTL_FAST_MATH = YES;
				SDKROOT = iphoneos;
				SWIFT_COMPILATION_MODE = wholemodule;
				SWIFT_OPTIMIZATION_LEVEL = "-O";
				VALIDATE_PRODUCT = YES;
			};
			name = Release;
		};
		340B23162363A43300433E6A /* Debug */ = {
			isa = XCBuildConfiguration;
			baseConfigurationReference = B4A474193F3F7ACE811AF41E /* Pods-HereYouAR.debug.xcconfig */;
			buildSettings = {
				ASSETCATALOG_COMPILER_APPICON_NAME = AppIcon;
				CODE_SIGN_STYLE = Automatic;
				DEVELOPMENT_TEAM = 7H88S352P5;
				INFOPLIST_FILE = HereYouAR/Info.plist;
				LD_RUNPATH_SEARCH_PATHS = (
					"$(inherited)",
					"@executable_path/Frameworks",
				);
				PRODUCT_BUNDLE_IDENTIFIER = "texno-gipsy.HereYouAR";
				PRODUCT_NAME = "$(TARGET_NAME)";
				SWIFT_VERSION = 5.0;
				TARGETED_DEVICE_FAMILY = "1,2";
			};
			name = Debug;
		};
		340B23172363A43300433E6A /* Release */ = {
			isa = XCBuildConfiguration;
			baseConfigurationReference = 995F57510D94EE613EDD42FB /* Pods-HereYouAR.release.xcconfig */;
			buildSettings = {
				ASSETCATALOG_COMPILER_APPICON_NAME = AppIcon;
				CODE_SIGN_STYLE = Automatic;
				DEVELOPMENT_TEAM = 7H88S352P5;
				INFOPLIST_FILE = HereYouAR/Info.plist;
				LD_RUNPATH_SEARCH_PATHS = (
					"$(inherited)",
					"@executable_path/Frameworks",
				);
				PRODUCT_BUNDLE_IDENTIFIER = "texno-gipsy.HereYouAR";
				PRODUCT_NAME = "$(TARGET_NAME)";
				SWIFT_VERSION = 5.0;
				TARGETED_DEVICE_FAMILY = "1,2";
			};
			name = Release;
		};
		340B23192363A43300433E6A /* Debug */ = {
			isa = XCBuildConfiguration;
			baseConfigurationReference = F5C313EF92B397B1979E8713 /* Pods-HereYouARTests.debug.xcconfig */;
			buildSettings = {
				ALWAYS_EMBED_SWIFT_STANDARD_LIBRARIES = YES;
				BUNDLE_LOADER = "$(TEST_HOST)";
				CODE_SIGN_STYLE = Automatic;
				DEVELOPMENT_TEAM = 7L24699FZV;
				INFOPLIST_FILE = HereYouARTests/Info.plist;
				IPHONEOS_DEPLOYMENT_TARGET = 13.0;
				LD_RUNPATH_SEARCH_PATHS = (
					"$(inherited)",
					"@executable_path/Frameworks",
					"@loader_path/Frameworks",
				);
				PRODUCT_BUNDLE_IDENTIFIER = "texno-gipsy.HereYouARTests";
				PRODUCT_NAME = "$(TARGET_NAME)";
				SWIFT_VERSION = 5.0;
				TARGETED_DEVICE_FAMILY = "1,2";
				TEST_HOST = "$(BUILT_PRODUCTS_DIR)/HereYouAR.app/HereYouAR";
			};
			name = Debug;
		};
		340B231A2363A43300433E6A /* Release */ = {
			isa = XCBuildConfiguration;
			baseConfigurationReference = F85D5B2BF353108CA1B90391 /* Pods-HereYouARTests.release.xcconfig */;
			buildSettings = {
				ALWAYS_EMBED_SWIFT_STANDARD_LIBRARIES = YES;
				BUNDLE_LOADER = "$(TEST_HOST)";
				CODE_SIGN_STYLE = Automatic;
				DEVELOPMENT_TEAM = 7L24699FZV;
				INFOPLIST_FILE = HereYouARTests/Info.plist;
				IPHONEOS_DEPLOYMENT_TARGET = 13.0;
				LD_RUNPATH_SEARCH_PATHS = (
					"$(inherited)",
					"@executable_path/Frameworks",
					"@loader_path/Frameworks",
				);
				PRODUCT_BUNDLE_IDENTIFIER = "texno-gipsy.HereYouARTests";
				PRODUCT_NAME = "$(TARGET_NAME)";
				SWIFT_VERSION = 5.0;
				TARGETED_DEVICE_FAMILY = "1,2";
				TEST_HOST = "$(BUILT_PRODUCTS_DIR)/HereYouAR.app/HereYouAR";
			};
			name = Release;
		};
/* End XCBuildConfiguration section */

/* Begin XCConfigurationList section */
		340B22F12363A43100433E6A /* Build configuration list for PBXProject "HereYouAR" */ = {
			isa = XCConfigurationList;
			buildConfigurations = (
				340B23132363A43300433E6A /* Debug */,
				340B23142363A43300433E6A /* Release */,
			);
			defaultConfigurationIsVisible = 0;
			defaultConfigurationName = Release;
		};
		340B23152363A43300433E6A /* Build configuration list for PBXNativeTarget "HereYouAR" */ = {
			isa = XCConfigurationList;
			buildConfigurations = (
				340B23162363A43300433E6A /* Debug */,
				340B23172363A43300433E6A /* Release */,
			);
			defaultConfigurationIsVisible = 0;
			defaultConfigurationName = Release;
		};
		340B23182363A43300433E6A /* Build configuration list for PBXNativeTarget "HereYouARTests" */ = {
			isa = XCConfigurationList;
			buildConfigurations = (
				340B23192363A43300433E6A /* Debug */,
				340B231A2363A43300433E6A /* Release */,
			);
			defaultConfigurationIsVisible = 0;
			defaultConfigurationName = Release;
		};
/* End XCConfigurationList section */
	};
	rootObject = 340B22EE2363A43100433E6A /* Project object */;
}
